Microsoft Visual Studio Solution File, Format Version 12.00
# Visual Studio Version 17
VisualStudioVersion = 17.5.2.0
MinimumVisualStudioVersion = 10.0.40219.1
Project("{FAE04EC0-301F-11D3-BF4B-00C04F79EFBC}") = "project chess-DB", "project chess-DB.csproj", "{D9BC971D-74AF-869C-ADF1-20A803C8EB0D}"
EndProject
Global
	GlobalSection(SolutionConfigurationPlatforms) = preSolution
		Debug|Any CPU = Debug|Any CPU
		Release|Any CPU = Release|Any CPU
	EndGlobalSection
	GlobalSection(ProjectConfigurationPlatforms) = postSolution
		{D9BC971D-74AF-869C-ADF1-20A803C8EB0D}.Debug|Any CPU.ActiveCfg = Debug|Any CPU
		{D9BC971D-74AF-869C-ADF1-20A803C8EB0D}.Debug|Any CPU.Build.0 = Debug|Any CPU
		{D9BC971D-74AF-869C-ADF1-20A803C8EB0D}.Release|Any CPU.ActiveCfg = Release|Any CPU
		{D9BC971D-74AF-869C-ADF1-20A803C8EB0D}.Release|Any CPU.Build.0 = Release|Any CPU
	EndGlobalSection
	GlobalSection(SolutionProperties) = preSolution
		HideSolutionNode = FALSE
	EndGlobalSection
	GlobalSection(ExtensibilityGlobals) = postSolution
		SolutionGuid = {46D04E37-204C-4250-86A9-B02F4F9EB9F2}
	EndGlobalSection
EndGlobal
